
Microsoft Visual Studio Solution File, Format Version 12.00
# Visual Studio Version 16
VisualStudioVersion = 16.0.29519.87
MinimumVisualStudioVersion = 10.0.40219.1
Project("{FAE04EC0-301F-11D3-BF4B-00C04F79EFBC}") = "CreatingTextFiles", "CreatingTextFiles.csproj", "{8CED0FB3-A03E-4AC0-80B8-5B3AFADC4038}"
EndProject
Global
	GlobalSection(SolutionConfigurationPlatforms) = preSolution
		Debug|Any CPU = Debug|Any CPU
		Release|Any CPU = Release|Any CPU
	EndGlobalSection
	GlobalSection(ProjectConfigurationPlatforms) = postSolution
		{8CED0FB3-A03E-4AC0-80B8-5B3AFADC4038}.Debug|Any CPU.ActiveCfg = Debug|Any CPU
		{8CED0FB3-A03E-4AC0-80B8-5B3AFADC4038}.Debug|Any CPU.Build.0 = Debug|Any CPU
		{8CED0FB3-A03E-4AC0-80B8-5B3AFADC4038}.Release|Any CPU.ActiveCfg = Release|Any CPU
		{8CED0FB3-A03E-4AC0-80B8-5B3AFADC4038}.Release|Any CPU.Build.0 = Release|Any CPU
	EndGlobalSection
	GlobalSection(SolutionProperties) = preSolution
		HideSolutionNode = FALSE
	EndGlobalSection
	GlobalSection(ExtensibilityGlobals) = postSolution
		SolutionGuid = {0AB63DBC-E5A1-4C36-A55B-730B0760A058}
	EndGlobalSection
EndGlobal
